
Microsoft Visual Studio Solution File, Format Version 12.00
# Visual Studio Version 16
VisualStudioVersion = 16.0.32630.194
MinimumVisualStudioVersion = 10.0.40219.1
Project("{FAE04EC0-301F-11D3-BF4B-00C04F79EFBC}") = "OnlineExam_WEBAPI_MVC", "OnlineExam_WEBAPI_MVC\OnlineExam_WEBAPI_MVC.csproj", "{BEC8F61A-4261-463D-8C47-ABABC948B9ED}"
EndProject
Global
	GlobalSection(SolutionConfigurationPlatforms) = preSolution
		Debug|Any CPU = Debug|Any CPU
		Release|Any CPU = Release|Any CPU
	EndGlobalSection
	GlobalSection(ProjectConfigurationPlatforms) = postSolution
		{BEC8F61A-4261-463D-8C47-ABABC948B9ED}.Debug|Any CPU.ActiveCfg = Debug|Any CPU
		{BEC8F61A-4261-463D-8C47-ABABC948B9ED}.Debug|Any CPU.Build.0 = Debug|Any CPU
		{BEC8F61A-4261-463D-8C47-ABABC948B9ED}.Release|Any CPU.ActiveCfg = Release|Any CPU
		{BEC8F61A-4261-463D-8C47-ABABC948B9ED}.Release|Any CPU.Build.0 = Release|Any CPU
	EndGlobalSection
	GlobalSection(SolutionProperties) = preSolution
		HideSolutionNode = FALSE
	EndGlobalSection
	GlobalSection(ExtensibilityGlobals) = postSolution
		SolutionGuid = {8E06AD45-7CB7-4CF6-AACD-A898CA600E32}
	EndGlobalSection
EndGlobal
